
Microsoft Visual Studio Solution File, Format Version 12.00
# Visual Studio 14
VisualStudioVersion = 14.0.25420.1
MinimumVisualStudioVersion = 10.0.40219.1
Project("{2150E333-8FDC-42A3-9474-1A3956D46DE8}") = "Web", "Web", "{99FC36D3-D963-4263-BF69-8BD11F801E2B}"
EndProject
Project("{2150E333-8FDC-42A3-9474-1A3956D46DE8}") = "Tests", "Tests", "{0C12FAF3-85BC-43E1-ABB2-6799213942CB}"
EndProject
Project("{2150E333-8FDC-42A3-9474-1A3956D46DE8}") = "Data", "Data", "{8103CD5B-2A92-401C-A854-A31E0FD44DE6}"
EndProject
Project("{2150E333-8FDC-42A3-9474-1A3956D46DE8}") = "Services", "Services", "{A5398FDD-2BE7-452F-9808-E5D3C5B58CC3}"
EndProject
Project("{FAE04EC0-301F-11D3-BF4B-00C04F79EFBC}") = "TravelShare.Web", "Web\TravelShare.Web\TravelShare.Web.csproj", "{67CC40FF-4933-4F83-810E-357E6BC8B973}"
EndProject
Project("{FAE04EC0-301F-11D3-BF4B-00C04F79EFBC}") = "TravelShare.Data.Models", "Data\TravelShare.Data.Models\TravelShare.Data.Models.csproj", "{048DF115-FAD9-4BD4-9BA0-D99DFD32A2B2}"
EndProject
Project("{FAE04EC0-301F-11D3-BF4B-00C04F79EFBC}") = "TravelShare.Data.Common", "Data\TravelShare.Data.Common\TravelShare.Data.Common.csproj", "{EDFE3C57-EF5B-4636-9ECC-D0BACA6B6379}"
EndProject
Project("{FAE04EC0-301F-11D3-BF4B-00C04F79EFBC}") = "TravelShare.Data", "Data\TravelShare.Data\TravelShare.Data.csproj", "{7C950CDC-9587-4B65-A204-988EFED17948}"
EndProject
Project("{FAE04EC0-301F-11D3-BF4B-00C04F79EFBC}") = "TravelShare.Services.Data", "Services\TravelShare.Services.Data\TravelShare.Services.Data.csproj", "{90FE4C4D-122A-406D-8A40-79C561FB8184}"
EndProject
Project("{FAE04EC0-301F-11D3-BF4B-00C04F79EFBC}") = "TravelShare.Services.Web.Tests", "Tests\TravelShare.Services.Web.Tests\TravelShare.Services.Web.Tests.csproj", "{D0D962BD-363D-4A22-9DB1-53136CE8EBF4}"
EndProject
Project("{FAE04EC0-301F-11D3-BF4B-00C04F79EFBC}") = "TravelShare.Web.Controllers.Tests", "Tests\TravelShare.Web.Controllers.Tests\TravelShare.Web.Controllers.Tests.csproj", "{7C55353F-CB74-4E8E-B272-42DA1C9C2194}"
EndProject
Project("{FAE04EC0-301F-11D3-BF4B-00C04F79EFBC}") = "TravelShare.Common", "TravelShare.Common\TravelShare.Common.csproj", "{701F322F-AA01-4DDC-90B6-6935981C1E73}"
EndProject
Project("{2150E333-8FDC-42A3-9474-1A3956D46DE8}") = "Cover", "Cover", "{1F946F53-ADE0-4AEE-8EA6-782BCE772591}"
EndProject
Project("{FAE04EC0-301F-11D3-BF4B-00C04F79EFBC}") = "CoverDependency", "CoverDependency\CoverDependency.csproj", "{049FFEA4-9C0E-4E0F-B79C-021119C3AEAB}"
EndProject
Project("{FAE04EC0-301F-11D3-BF4B-00C04F79EFBC}") = "TravelShar.Data.Tests", "TravelShar.Data.Tests\TravelShar.Data.Tests.csproj", "{949929F2-DC1F-4631-9CDA-6437AE02FE93}"
EndProject
Project("{2150E333-8FDC-42A3-9474-1A3956D46DE8}") = "Providers", "Providers", "{157DF084-6033-443D-89E4-09B1FF9E8B84}"
EndProject
Project("{FAE04EC0-301F-11D3-BF4B-00C04F79EFBC}") = "TravelShareMvc.Providers", "Providers\TravelShareMvc.Providers\TravelShareMvc.Providers.csproj", "{F4FA40F1-30EC-4190-A6D1-006CCDE4A263}"
EndProject
Project("{2150E333-8FDC-42A3-9474-1A3956D46DE8}") = "IdentityConfig", "IdentityConfig", "{E7FBF8F0-13A7-4244-988F-2C902DD6509E}"
EndProject
Project("{FAE04EC0-301F-11D3-BF4B-00C04F79EFBC}") = "TravelShareMvc.IdentityConfig", "IdentityConfig\TravelShareMvc.IdentityConfig\TravelShareMvc.IdentityConfig.csproj", "{D7EED929-49CD-4A9E-A8AB-33AFF811C581}"
EndProject
Global
	GlobalSection(SolutionConfigurationPlatforms) = preSolution
		Debug|Any CPU = Debug|Any CPU
		Release|Any CPU = Release|Any CPU
	EndGlobalSection
	GlobalSection(ProjectConfigurationPlatforms) = postSolution
		{67CC40FF-4933-4F83-810E-357E6BC8B973}.Debug|Any CPU.ActiveCfg = Debug|Any CPU
		{67CC40FF-4933-4F83-810E-357E6BC8B973}.Debug|Any CPU.Build.0 = Debug|Any CPU
		{67CC40FF-4933-4F83-810E-357E6BC8B973}.Release|Any CPU.ActiveCfg = Release|Any CPU
		{67CC40FF-4933-4F83-810E-357E6BC8B973}.Release|Any CPU.Build.0 = Release|Any CPU
		{048DF115-FAD9-4BD4-9BA0-D99DFD32A2B2}.Debug|Any CPU.ActiveCfg = Debug|Any CPU
		{048DF115-FAD9-4BD4-9BA0-D99DFD32A2B2}.Debug|Any CPU.Build.0 = Debug|Any CPU
		{048DF115-FAD9-4BD4-9BA0-D99DFD32A2B2}.Release|Any CPU.ActiveCfg = Release|Any CPU
		{048DF115-FAD9-4BD4-9BA0-D99DFD32A2B2}.Release|Any CPU.Build.0 = Release|Any CPU
		{EDFE3C57-EF5B-4636-9ECC-D0BACA6B6379}.Debug|Any CPU.ActiveCfg = Debug|Any CPU
		{EDFE3C57-EF5B-4636-9ECC-D0BACA6B6379}.Debug|Any CPU.Build.0 = Debug|Any CPU
		{EDFE3C57-EF5B-4636-9ECC-D0BACA6B6379}.Release|Any CPU.ActiveCfg = Release|Any CPU
		{EDFE3C57-EF5B-4636-9ECC-D0BACA6B6379}.Release|Any CPU.Build.0 = Release|Any CPU
		{7C950CDC-9587-4B65-A204-988EFED17948}.Debug|Any CPU.ActiveCfg = Debug|Any CPU
		{7C950CDC-9587-4B65-A204-988EFED17948}.Debug|Any CPU.Build.0 = Debug|Any CPU
		{7C950CDC-9587-4B65-A204-988EFED17948}.Release|Any CPU.ActiveCfg = Release|Any CPU
		{7C950CDC-9587-4B65-A204-988EFED17948}.Release|Any CPU.Build.0 = Release|Any CPU
		{90FE4C4D-122A-406D-8A40-79C561FB8184}.Debug|Any CPU.ActiveCfg = Debug|Any CPU
		{90FE4C4D-122A-406D-8A40-79C561FB8184}.Debug|Any CPU.Build.0 = Debug|Any CPU
		{90FE4C4D-122A-406D-8A40-79C561FB8184}.Release|Any CPU.ActiveCfg = Release|Any CPU
		{90FE4C4D-122A-406D-8A40-79C561FB8184}.Release|Any CPU.Build.0 = Release|Any CPU
		{D0D962BD-363D-4A22-9DB1-53136CE8EBF4}.Debug|Any CPU.ActiveCfg = Debug|Any CPU
		{D0D962BD-363D-4A22-9DB1-53136CE8EBF4}.Debug|Any CPU.Build.0 = Debug|Any CPU
		{D0D962BD-363D-4A22-9DB1-53136CE8EBF4}.Release|Any CPU.ActiveCfg = Release|Any CPU
		{D0D962BD-363D-4A22-9DB1-53136CE8EBF4}.Release|Any CPU.Build.0 = Release|Any CPU
		{7C55353F-CB74-4E8E-B272-42DA1C9C2194}.Debug|Any CPU.ActiveCfg = Debug|Any CPU
		{7C55353F-CB74-4E8E-B272-42DA1C9C2194}.Debug|Any CPU.Build.0 = Debug|Any CPU
		{7C55353F-CB74-4E8E-B272-42DA1C9C2194}.Release|Any CPU.ActiveCfg = Release|Any CPU
		{7C55353F-CB74-4E8E-B272-42DA1C9C2194}.Release|Any CPU.Build.0 = Release|Any CPU
		{701F322F-AA01-4DDC-90B6-6935981C1E73}.Debug|Any CPU.ActiveCfg = Debug|Any CPU
		{701F322F-AA01-4DDC-90B6-6935981C1E73}.Debug|Any CPU.Build.0 = Debug|Any CPU
		{701F322F-AA01-4DDC-90B6-6935981C1E73}.Release|Any CPU.ActiveCfg = Release|Any CPU
		{701F322F-AA01-4DDC-90B6-6935981C1E73}.Release|Any CPU.Build.0 = Release|Any CPU
		{049FFEA4-9C0E-4E0F-B79C-021119C3AEAB}.Debug|Any CPU.ActiveCfg = Debug|Any CPU
		{049FFEA4-9C0E-4E0F-B79C-021119C3AEAB}.Debug|Any CPU.Build.0 = Debug|Any CPU
		{049FFEA4-9C0E-4E0F-B79C-021119C3AEAB}.Release|Any CPU.ActiveCfg = Release|Any CPU
		{049FFEA4-9C0E-4E0F-B79C-021119C3AEAB}.Release|Any CPU.Build.0 = Release|Any CPU
		{949929F2-DC1F-4631-9CDA-6437AE02FE93}.Debug|Any CPU.ActiveCfg = Debug|Any CPU
		{949929F2-DC1F-4631-9CDA-6437AE02FE93}.Debug|Any CPU.Build.0 = Debug|Any CPU
		{949929F2-DC1F-4631-9CDA-6437AE02FE93}.Release|Any CPU.ActiveCfg = Release|Any CPU
		{949929F2-DC1F-4631-9CDA-6437AE02FE93}.Release|Any CPU.Build.0 = Release|Any CPU
		{F4FA40F1-30EC-4190-A6D1-006CCDE4A263}.Debug|Any CPU.ActiveCfg = Debug|Any CPU
		{F4FA40F1-30EC-4190-A6D1-006CCDE4A263}.Debug|Any CPU.Build.0 = Debug|Any CPU
		{F4FA40F1-30EC-4190-A6D1-006CCDE4A263}.Release|Any CPU.ActiveCfg = Release|Any CPU
		{F4FA40F1-30EC-4190-A6D1-006CCDE4A263}.Release|Any CPU.Build.0 = Release|Any CPU
		{D7EED929-49CD-4A9E-A8AB-33AFF811C581}.Debug|Any CPU.ActiveCfg = Debug|Any CPU
		{D7EED929-49CD-4A9E-A8AB-33AFF811C581}.Debug|Any CPU.Build.0 = Debug|Any CPU
		{D7EED929-49CD-4A9E-A8AB-33AFF811C581}.Release|Any CPU.ActiveCfg = Release|Any CPU
		{D7EED929-49CD-4A9E-A8AB-33AFF811C581}.Release|Any CPU.Build.0 = Release|Any CPU
	EndGlobalSection
	GlobalSection(SolutionProperties) = preSolution
		HideSolutionNode = FALSE
	EndGlobalSection
	GlobalSection(NestedProjects) = preSolution
		{67CC40FF-4933-4F83-810E-357E6BC8B973} = {99FC36D3-D963-4263-BF69-8BD11F801E2B}
		{048DF115-FAD9-4BD4-9BA0-D99DFD32A2B2} = {8103CD5B-2A92-401C-A854-A31E0FD44DE6}
		{EDFE3C57-EF5B-4636-9ECC-D0BACA6B6379} = {8103CD5B-2A92-401C-A854-A31E0FD44DE6}
		{7C950CDC-9587-4B65-A204-988EFED17948} = {8103CD5B-2A92-401C-A854-A31E0FD44DE6}
		{90FE4C4D-122A-406D-8A40-79C561FB8184} = {A5398FDD-2BE7-452F-9808-E5D3C5B58CC3}
		{D0D962BD-363D-4A22-9DB1-53136CE8EBF4} = {0C12FAF3-85BC-43E1-ABB2-6799213942CB}
		{7C55353F-CB74-4E8E-B272-42DA1C9C2194} = {0C12FAF3-85BC-43E1-ABB2-6799213942CB}
		{049FFEA4-9C0E-4E0F-B79C-021119C3AEAB} = {1F946F53-ADE0-4AEE-8EA6-782BCE772591}
		{949929F2-DC1F-4631-9CDA-6437AE02FE93} = {0C12FAF3-85BC-43E1-ABB2-6799213942CB}
		{F4FA40F1-30EC-4190-A6D1-006CCDE4A263} = {157DF084-6033-443D-89E4-09B1FF9E8B84}
		{D7EED929-49CD-4A9E-A8AB-33AFF811C581} = {E7FBF8F0-13A7-4244-988F-2C902DD6509E}
	EndGlobalSection
EndGlobal
